// !$*UTF8*$!
{
	archiveVersion = 1;
	classes = {
	};
	objectVersion = 55;
	objects = {

/* Begin PBXBuildFile section */
		82F8D5D3357ACF7925244FCF /* Pods_OpenMarket.framework in Frameworks */ = {isa = PBXBuildFile; fileRef = E7917300378E2CA7742B7FF5 /* Pods_OpenMarket.framework */; };
		867C88E4299A5EC900572EDC /* FetchRepository.swift in Sources */ = {isa = PBXBuildFile; fileRef = 867C88E3299A5EC900572EDC /* FetchRepository.swift */; };
		867C88E6299A5ED400572EDC /* FetchStorage.swift in Sources */ = {isa = PBXBuildFile; fileRef = 867C88E5299A5ED400572EDC /* FetchStorage.swift */; };
		867C88E8299A5EEB00572EDC /* FetchRepositorible.swift in Sources */ = {isa = PBXBuildFile; fileRef = 867C88E7299A5EEB00572EDC /* FetchRepositorible.swift */; };
		867C88EC299B278700572EDC /* FetchUseCase.swift in Sources */ = {isa = PBXBuildFile; fileRef = 867C88EB299B278700572EDC /* FetchUseCase.swift */; };
		867C88EF299B2A0B00572EDC /* AppDIContainer.swift in Sources */ = {isa = PBXBuildFile; fileRef = 867C88EE299B2A0B00572EDC /* AppDIContainer.swift */; };
		867C88F2299B42CF00572EDC /* OpenMarketMarketDIC.swift in Sources */ = {isa = PBXBuildFile; fileRef = 867C88F1299B42CF00572EDC /* OpenMarketMarketDIC.swift */; };
		867C88F6299B550400572EDC /* ProductListViewModel.swift in Sources */ = {isa = PBXBuildFile; fileRef = 867C88F5299B550400572EDC /* ProductListViewModel.swift */; };
		867C88F8299B564200572EDC /* RegisterStorage.swift in Sources */ = {isa = PBXBuildFile; fileRef = 867C88F7299B564200572EDC /* RegisterStorage.swift */; };
		867C88FA299B57DE00572EDC /* RegisterRepository.swift in Sources */ = {isa = PBXBuildFile; fileRef = 867C88F9299B57DE00572EDC /* RegisterRepository.swift */; };
		867C88FC299B589F00572EDC /* RegisterRepositoriable.swift in Sources */ = {isa = PBXBuildFile; fileRef = 867C88FB299B589F00572EDC /* RegisterRepositoriable.swift */; };
		867C88FE299B58DD00572EDC /* RegisterUseCase.swift in Sources */ = {isa = PBXBuildFile; fileRef = 867C88FD299B58DD00572EDC /* RegisterUseCase.swift */; };
		867C8902299B608E00572EDC /* ProductRegisterViewModel.swift in Sources */ = {isa = PBXBuildFile; fileRef = 867C8901299B608E00572EDC /* ProductRegisterViewModel.swift */; };
		867C8907299B934D00572EDC /* ProductListCell.swift in Sources */ = {isa = PBXBuildFile; fileRef = 867C8906299B934D00572EDC /* ProductListCell.swift */; };
		867C8909299BBA4B00572EDC /* ProductEntity.swift in Sources */ = {isa = PBXBuildFile; fileRef = 867C8908299BBA4B00572EDC /* ProductEntity.swift */; };
		867C890B299BBACF00572EDC /* EditStorage.swift in Sources */ = {isa = PBXBuildFile; fileRef = 867C890A299BBACF00572EDC /* EditStorage.swift */; };
		867C890D299CA74600572EDC /* EditRepository.swift in Sources */ = {isa = PBXBuildFile; fileRef = 867C890C299CA74600572EDC /* EditRepository.swift */; };
		867C890F299CA77F00572EDC /* EditRepositoriable.swift in Sources */ = {isa = PBXBuildFile; fileRef = 867C890E299CA77F00572EDC /* EditRepositoriable.swift */; };
		867C8911299CA8A300572EDC /* EditUseCase.swift in Sources */ = {isa = PBXBuildFile; fileRef = 867C8910299CA8A300572EDC /* EditUseCase.swift */; };
		867C8915299CCD8F00572EDC /* UIStackViewExtension.swift in Sources */ = {isa = PBXBuildFile; fileRef = 867C8914299CCD8F00572EDC /* UIStackViewExtension.swift */; };
		867C8918299CF77400572EDC /* ProductViewModel.swift in Sources */ = {isa = PBXBuildFile; fileRef = 867C8917299CF77400572EDC /* ProductViewModel.swift */; };
		867C891A299CF78900572EDC /* ProductViewController.swift in Sources */ = {isa = PBXBuildFile; fileRef = 867C8919299CF78900572EDC /* ProductViewController.swift */; };
		867C891C299D0F1200572EDC /* ProductCoordinator.swift in Sources */ = {isa = PBXBuildFile; fileRef = 867C891B299D0F1200572EDC /* ProductCoordinator.swift */; };
		867C8923299D199300572EDC /* ProductEditViewController.swift in Sources */ = {isa = PBXBuildFile; fileRef = 867C8922299D199300572EDC /* ProductEditViewController.swift */; };
		867C8925299D19A100572EDC /* ProductEditViewModel.swift in Sources */ = {isa = PBXBuildFile; fileRef = 867C8924299D19A100572EDC /* ProductEditViewModel.swift */; };
		867C8927299D1A3B00572EDC /* ProductEditViewCoordinator.swift in Sources */ = {isa = PBXBuildFile; fileRef = 867C8926299D1A3B00572EDC /* ProductEditViewCoordinator.swift */; };
		86CF2F48299775D500F34529 /* AppDelegate.swift in Sources */ = {isa = PBXBuildFile; fileRef = 86CF2F47299775D500F34529 /* AppDelegate.swift */; };
		86CF2F4A299775D500F34529 /* SceneDelegate.swift in Sources */ = {isa = PBXBuildFile; fileRef = 86CF2F49299775D500F34529 /* SceneDelegate.swift */; };
		86CF2F51299775D700F34529 /* Assets.xcassets in Resources */ = {isa = PBXBuildFile; fileRef = 86CF2F50299775D700F34529 /* Assets.xcassets */; };
		86CF2F54299775D700F34529 /* LaunchScreen.storyboard in Resources */ = {isa = PBXBuildFile; fileRef = 86CF2F52299775D700F34529 /* LaunchScreen.storyboard */; };
		86CF2F5E299777FC00F34529 /* Coordinator.swift in Sources */ = {isa = PBXBuildFile; fileRef = 86CF2F5C299777FC00F34529 /* Coordinator.swift */; };
		86F048E329979C6800212238 /* AppCoordinator.swift in Sources */ = {isa = PBXBuildFile; fileRef = 86F048E229979C6800212238 /* AppCoordinator.swift */; };
		86F048EE29979E5B00212238 /* ProductListViewController.swift in Sources */ = {isa = PBXBuildFile; fileRef = 86F048ED29979E5B00212238 /* ProductListViewController.swift */; };
		86F048F029979E6600212238 /* ProductListViewCoordinator.swift in Sources */ = {isa = PBXBuildFile; fileRef = 86F048EF29979E6600212238 /* ProductListViewCoordinator.swift */; };
		86F048F229979E7100212238 /* ProductRegisterViewController.swift in Sources */ = {isa = PBXBuildFile; fileRef = 86F048F129979E7100212238 /* ProductRegisterViewController.swift */; };
		86F048F429979E7D00212238 /* ProductRegisterViewCoordinator.swift in Sources */ = {isa = PBXBuildFile; fileRef = 86F048F329979E7D00212238 /* ProductRegisterViewCoordinator.swift */; };
		86F04902299A1C8700212238 /* RequestManager.swift in Sources */ = {isa = PBXBuildFile; fileRef = 86F04901299A1C8700212238 /* RequestManager.swift */; };
		86F04905299A1CD000212238 /* MultipartForm.swift in Sources */ = {isa = PBXBuildFile; fileRef = 86F04904299A1CD000212238 /* MultipartForm.swift */; };
		86F04908299A1D2100212238 /* Secret.swift in Sources */ = {isa = PBXBuildFile; fileRef = 86F04907299A1D2100212238 /* Secret.swift */; };
		86F0490A299A1EA400212238 /* HTTPMethod.swift in Sources */ = {isa = PBXBuildFile; fileRef = 86F04909299A1EA400212238 /* HTTPMethod.swift */; };
		86F0490C299A1EB600212238 /* NetworkError.swift in Sources */ = {isa = PBXBuildFile; fileRef = 86F0490B299A1EB600212238 /* NetworkError.swift */; };
		86F0490E299A1EC800212238 /* ContentType.swift in Sources */ = {isa = PBXBuildFile; fileRef = 86F0490D299A1EC800212238 /* ContentType.swift */; };
		86F04915299A25F800212238 /* Currency.swift in Sources */ = {isa = PBXBuildFile; fileRef = 86F04914299A25F800212238 /* Currency.swift */; };
		86F04917299A260A00212238 /* PoductListDTO.swift in Sources */ = {isa = PBXBuildFile; fileRef = 86F04916299A260A00212238 /* PoductListDTO.swift */; };
		86F04919299A262C00212238 /* ProductDTO.swift in Sources */ = {isa = PBXBuildFile; fileRef = 86F04918299A262C00212238 /* ProductDTO.swift */; };
		86F0491B299A263700212238 /* ProductRequestDTO.swift in Sources */ = {isa = PBXBuildFile; fileRef = 86F0491A299A263700212238 /* ProductRequestDTO.swift */; };
		86FA8504299A299D00AEBB80 /* ApiManager.swift in Sources */ = {isa = PBXBuildFile; fileRef = 86FA8503299A299C00AEBB80 /* ApiManager.swift */; };
/* End PBXBuildFile section */

/* Begin PBXFileReference section */
		867C88E3299A5EC900572EDC /* FetchRepository.swift */ = {isa = PBXFileReference; lastKnownFileType = sourcecode.swift; name = FetchRepository.swift; path = OpenMarket/Data/Repository/FetchRepository.swift; sourceTree = SOURCE_ROOT; };
		867C88E5299A5ED400572EDC /* FetchStorage.swift */ = {isa = PBXFileReference; lastKnownFileType = sourcecode.swift; name = FetchStorage.swift; path = OpenMarket/Data/Storages/FetchStorage.swift; sourceTree = SOURCE_ROOT; };
		867C88E7299A5EEB00572EDC /* FetchRepositorible.swift */ = {isa = PBXFileReference; lastKnownFileType = sourcecode.swift; path = FetchRepositorible.swift; sourceTree = "<group>"; };
		867C88EB299B278700572EDC /* FetchUseCase.swift */ = {isa = PBXFileReference; lastKnownFileType = sourcecode.swift; path = FetchUseCase.swift; sourceTree = "<group>"; };
		867C88EE299B2A0B00572EDC /* AppDIContainer.swift */ = {isa = PBXFileReference; lastKnownFileType = sourcecode.swift; path = AppDIContainer.swift; sourceTree = "<group>"; };
		867C88F1299B42CF00572EDC /* OpenMarketMarketDIC.swift */ = {isa = PBXFileReference; lastKnownFileType = sourcecode.swift; path = OpenMarketMarketDIC.swift; sourceTree = "<group>"; };
		867C88F5299B550400572EDC /* ProductListViewModel.swift */ = {isa = PBXFileReference; lastKnownFileType = sourcecode.swift; path = ProductListViewModel.swift; sourceTree = "<group>"; };
		867C88F7299B564200572EDC /* RegisterStorage.swift */ = {isa = PBXFileReference; lastKnownFileType = sourcecode.swift; path = RegisterStorage.swift; sourceTree = "<group>"; };
		867C88F9299B57DE00572EDC /* RegisterRepository.swift */ = {isa = PBXFileReference; lastKnownFileType = sourcecode.swift; path = RegisterRepository.swift; sourceTree = "<group>"; };
		867C88FB299B589F00572EDC /* RegisterRepositoriable.swift */ = {isa = PBXFileReference; lastKnownFileType = sourcecode.swift; path = RegisterRepositoriable.swift; sourceTree = "<group>"; };
		867C88FD299B58DD00572EDC /* RegisterUseCase.swift */ = {isa = PBXFileReference; lastKnownFileType = sourcecode.swift; path = RegisterUseCase.swift; sourceTree = "<group>"; };
		867C8901299B608E00572EDC /* ProductRegisterViewModel.swift */ = {isa = PBXFileReference; lastKnownFileType = sourcecode.swift; path = ProductRegisterViewModel.swift; sourceTree = "<group>"; };
		867C8906299B934D00572EDC /* ProductListCell.swift */ = {isa = PBXFileReference; lastKnownFileType = sourcecode.swift; path = ProductListCell.swift; sourceTree = "<group>"; };
		867C8908299BBA4B00572EDC /* ProductEntity.swift */ = {isa = PBXFileReference; lastKnownFileType = sourcecode.swift; path = ProductEntity.swift; sourceTree = "<group>"; };
		867C890A299BBACF00572EDC /* EditStorage.swift */ = {isa = PBXFileReference; lastKnownFileType = sourcecode.swift; path = EditStorage.swift; sourceTree = "<group>"; };
		867C890C299CA74600572EDC /* EditRepository.swift */ = {isa = PBXFileReference; lastKnownFileType = sourcecode.swift; path = EditRepository.swift; sourceTree = "<group>"; };
		867C890E299CA77F00572EDC /* EditRepositoriable.swift */ = {isa = PBXFileReference; lastKnownFileType = sourcecode.swift; path = EditRepositoriable.swift; sourceTree = "<group>"; };
		867C8910299CA8A300572EDC /* EditUseCase.swift */ = {isa = PBXFileReference; lastKnownFileType = sourcecode.swift; path = EditUseCase.swift; sourceTree = "<group>"; };
		867C8914299CCD8F00572EDC /* UIStackViewExtension.swift */ = {isa = PBXFileReference; lastKnownFileType = sourcecode.swift; path = UIStackViewExtension.swift; sourceTree = "<group>"; };
		867C8917299CF77400572EDC /* ProductViewModel.swift */ = {isa = PBXFileReference; lastKnownFileType = sourcecode.swift; path = ProductViewModel.swift; sourceTree = "<group>"; };
		867C8919299CF78900572EDC /* ProductViewController.swift */ = {isa = PBXFileReference; lastKnownFileType = sourcecode.swift; path = ProductViewController.swift; sourceTree = "<group>"; };
		867C891B299D0F1200572EDC /* ProductCoordinator.swift */ = {isa = PBXFileReference; lastKnownFileType = sourcecode.swift; path = ProductCoordinator.swift; sourceTree = "<group>"; };
		867C8922299D199300572EDC /* ProductEditViewController.swift */ = {isa = PBXFileReference; lastKnownFileType = sourcecode.swift; path = ProductEditViewController.swift; sourceTree = "<group>"; };
		867C8924299D19A100572EDC /* ProductEditViewModel.swift */ = {isa = PBXFileReference; lastKnownFileType = sourcecode.swift; path = ProductEditViewModel.swift; sourceTree = "<group>"; };
		867C8926299D1A3B00572EDC /* ProductEditViewCoordinator.swift */ = {isa = PBXFileReference; lastKnownFileType = sourcecode.swift; path = ProductEditViewCoordinator.swift; sourceTree = "<group>"; };
		86CF2F44299775D500F34529 /* OpenMarket.app */ = {isa = PBXFileReference; explicitFileType = wrapper.application; includeInIndex = 0; path = OpenMarket.app; sourceTree = BUILT_PRODUCTS_DIR; };
		86CF2F47299775D500F34529 /* AppDelegate.swift */ = {isa = PBXFileReference; lastKnownFileType = sourcecode.swift; path = AppDelegate.swift; sourceTree = "<group>"; };
		86CF2F49299775D500F34529 /* SceneDelegate.swift */ = {isa = PBXFileReference; lastKnownFileType = sourcecode.swift; path = SceneDelegate.swift; sourceTree = "<group>"; };
		86CF2F50299775D700F34529 /* Assets.xcassets */ = {isa = PBXFileReference; lastKnownFileType = folder.assetcatalog; path = Assets.xcassets; sourceTree = "<group>"; };
		86CF2F53299775D700F34529 /* Base */ = {isa = PBXFileReference; lastKnownFileType = file.storyboard; name = Base; path = Base.lproj/LaunchScreen.storyboard; sourceTree = "<group>"; };
		86CF2F55299775D700F34529 /* Info.plist */ = {isa = PBXFileReference; lastKnownFileType = text.plist.xml; path = Info.plist; sourceTree = "<group>"; };
		86CF2F5C299777FC00F34529 /* Coordinator.swift */ = {isa = PBXFileReference; fileEncoding = 4; lastKnownFileType = sourcecode.swift; path = Coordinator.swift; sourceTree = "<group>"; };
		86F048E229979C6800212238 /* AppCoordinator.swift */ = {isa = PBXFileReference; lastKnownFileType = sourcecode.swift; path = AppCoordinator.swift; sourceTree = "<group>"; };
		86F048ED29979E5B00212238 /* ProductListViewController.swift */ = {isa = PBXFileReference; lastKnownFileType = sourcecode.swift; path = ProductListViewController.swift; sourceTree = "<group>"; };
		86F048EF29979E6600212238 /* ProductListViewCoordinator.swift */ = {isa = PBXFileReference; lastKnownFileType = sourcecode.swift; path = ProductListViewCoordinator.swift; sourceTree = "<group>"; };
		86F048F129979E7100212238 /* ProductRegisterViewController.swift */ = {isa = PBXFileReference; lastKnownFileType = sourcecode.swift; path = ProductRegisterViewController.swift; sourceTree = "<group>"; };
		86F048F329979E7D00212238 /* ProductRegisterViewCoordinator.swift */ = {isa = PBXFileReference; lastKnownFileType = sourcecode.swift; path = ProductRegisterViewCoordinator.swift; sourceTree = "<group>"; };
		86F04901299A1C8700212238 /* RequestManager.swift */ = {isa = PBXFileReference; lastKnownFileType = sourcecode.swift; path = RequestManager.swift; sourceTree = "<group>"; };
		86F04904299A1CD000212238 /* MultipartForm.swift */ = {isa = PBXFileReference; lastKnownFileType = sourcecode.swift; path = MultipartForm.swift; sourceTree = "<group>"; };
		86F04907299A1D2100212238 /* Secret.swift */ = {isa = PBXFileReference; lastKnownFileType = sourcecode.swift; path = Secret.swift; sourceTree = "<group>"; };
		86F04909299A1EA400212238 /* HTTPMethod.swift */ = {isa = PBXFileReference; lastKnownFileType = sourcecode.swift; path = HTTPMethod.swift; sourceTree = "<group>"; };
		86F0490B299A1EB600212238 /* NetworkError.swift */ = {isa = PBXFileReference; lastKnownFileType = sourcecode.swift; path = NetworkError.swift; sourceTree = "<group>"; };
		86F0490D299A1EC800212238 /* ContentType.swift */ = {isa = PBXFileReference; lastKnownFileType = sourcecode.swift; path = ContentType.swift; sourceTree = "<group>"; };
		86F04914299A25F800212238 /* Currency.swift */ = {isa = PBXFileReference; lastKnownFileType = sourcecode.swift; path = Currency.swift; sourceTree = "<group>"; };
		86F04916299A260A00212238 /* PoductListDTO.swift */ = {isa = PBXFileReference; lastKnownFileType = sourcecode.swift; path = PoductListDTO.swift; sourceTree = "<group>"; };
		86F04918299A262C00212238 /* ProductDTO.swift */ = {isa = PBXFileReference; lastKnownFileType = sourcecode.swift; path = ProductDTO.swift; sourceTree = "<group>"; };
		86F0491A299A263700212238 /* ProductRequestDTO.swift */ = {isa = PBXFileReference; lastKnownFileType = sourcecode.swift; path = ProductRequestDTO.swift; sourceTree = "<group>"; };
		86FA8503299A299C00AEBB80 /* ApiManager.swift */ = {isa = PBXFileReference; lastKnownFileType = sourcecode.swift; path = ApiManager.swift; sourceTree = "<group>"; };
		A08207DD68DA2037F77C6733 /* Pods-OpenMarket.release.xcconfig */ = {isa = PBXFileReference; includeInIndex = 1; lastKnownFileType = text.xcconfig; name = "Pods-OpenMarket.release.xcconfig"; path = "Target Support Files/Pods-OpenMarket/Pods-OpenMarket.release.xcconfig"; sourceTree = "<group>"; };
		BF6885029F041638596A7E9B /* Pods-OpenMarket.debug.xcconfig */ = {isa = PBXFileReference; includeInIndex = 1; lastKnownFileType = text.xcconfig; name = "Pods-OpenMarket.debug.xcconfig"; path = "Target Support Files/Pods-OpenMarket/Pods-OpenMarket.debug.xcconfig"; sourceTree = "<group>"; };
		E7917300378E2CA7742B7FF5 /* Pods_OpenMarket.framework */ = {isa = PBXFileReference; explicitFileType = wrapper.framework; includeInIndex = 0; path = Pods_OpenMarket.framework; sourceTree = BUILT_PRODUCTS_DIR; };
/* End PBXFileReference section */

/* Begin PBXFrameworksBuildPhase section */
		86CF2F41299775D500F34529 /* Frameworks */ = {
			isa = PBXFrameworksBuildPhase;
			buildActionMask = 2147483647;
			files = (
				82F8D5D3357ACF7925244FCF /* Pods_OpenMarket.framework in Frameworks */,
			);
			runOnlyForDeploymentPostprocessing = 0;
		};
/* End PBXFrameworksBuildPhase section */

/* Begin PBXGroup section */
		3FEBBF5890F1C51446BEA698 /* Pods */ = {
			isa = PBXGroup;
			children = (
				BF6885029F041638596A7E9B /* Pods-OpenMarket.debug.xcconfig */,
				A08207DD68DA2037F77C6733 /* Pods-OpenMarket.release.xcconfig */,
			);
			path = Pods;
			sourceTree = "<group>";
		};
		867C88DE299A5E5000572EDC /* RepositoryInterface */ = {
			isa = PBXGroup;
			children = (
				867C88E7299A5EEB00572EDC /* FetchRepositorible.swift */,
				867C88FB299B589F00572EDC /* RegisterRepositoriable.swift */,
				867C890E299CA77F00572EDC /* EditRepositoriable.swift */,
			);
			path = RepositoryInterface;
			sourceTree = "<group>";
		};
		867C88E9299A603300572EDC /* Storages */ = {
			isa = PBXGroup;
			children = (
				867C88E5299A5ED400572EDC /* FetchStorage.swift */,
				867C88F7299B564200572EDC /* RegisterStorage.swift */,
				867C890A299BBACF00572EDC /* EditStorage.swift */,
			);
			path = Storages;
			sourceTree = "<group>";
		};
		867C88EA299A604300572EDC /* Repository */ = {
			isa = PBXGroup;
			children = (
				867C88E3299A5EC900572EDC /* FetchRepository.swift */,
				867C88F9299B57DE00572EDC /* RegisterRepository.swift */,
				867C890C299CA74600572EDC /* EditRepository.swift */,
			);
			path = Repository;
			sourceTree = "<group>";
		};
		867C88ED299B29E700572EDC /* DIContainer */ = {
			isa = PBXGroup;
			children = (
				867C88EE299B2A0B00572EDC /* AppDIContainer.swift */,
				867C88F0299B42B700572EDC /* OpenMarketDIContaniner */,
			);
			path = DIContainer;
			sourceTree = "<group>";
		};
		867C88F0299B42B700572EDC /* OpenMarketDIContaniner */ = {
			isa = PBXGroup;
			children = (
				867C88F1299B42CF00572EDC /* OpenMarketMarketDIC.swift */,
			);
			path = OpenMarketDIContaniner;
			sourceTree = "<group>";
		};
		867C88F3299B54E800572EDC /* View */ = {
			isa = PBXGroup;
			children = (
				86F048ED29979E5B00212238 /* ProductListViewController.swift */,
				867C8906299B934D00572EDC /* ProductListCell.swift */,
			);
			path = View;
			sourceTree = "<group>";
		};
		867C88F4299B54EF00572EDC /* ViewModel */ = {
			isa = PBXGroup;
			children = (
				867C88F5299B550400572EDC /* ProductListViewModel.swift */,
			);
			path = ViewModel;
			sourceTree = "<group>";
		};
		867C88FF299B607C00572EDC /* View */ = {
			isa = PBXGroup;
			children = (
				86F048F129979E7100212238 /* ProductRegisterViewController.swift */,
			);
			path = View;
			sourceTree = "<group>";
		};
		867C8900299B607E00572EDC /* ViewModel */ = {
			isa = PBXGroup;
			children = (
				867C8901299B608E00572EDC /* ProductRegisterViewModel.swift */,
			);
			path = ViewModel;
			sourceTree = "<group>";
		};
		867C8912299CCCD600572EDC /* Utils */ = {
			isa = PBXGroup;
			children = (
				867C8913299CCCDD00572EDC /* Extension */,
			);
			path = Utils;
			sourceTree = "<group>";
		};
		867C8913299CCCDD00572EDC /* Extension */ = {
			isa = PBXGroup;
			children = (
				867C8914299CCD8F00572EDC /* UIStackViewExtension.swift */,
			);
			path = Extension;
			sourceTree = "<group>";
		};
		867C8916299CF76400572EDC /* ProductView */ = {
			isa = PBXGroup;
			children = (
				867C8917299CF77400572EDC /* ProductViewModel.swift */,
				867C8919299CF78900572EDC /* ProductViewController.swift */,
			);
			path = ProductView;
			sourceTree = "<group>";
		};
		867C891F299D183800572EDC /* ProductEditView */ = {
			isa = PBXGroup;
			children = (
				867C8920299D184E00572EDC /* View */,
				867C8921299D185000572EDC /* ViewModel */,
			);
			path = ProductEditView;
			sourceTree = "<group>";
		};
		867C8920299D184E00572EDC /* View */ = {
			isa = PBXGroup;
			children = (
				867C8922299D199300572EDC /* ProductEditViewController.swift */,
			);
			path = View;
			sourceTree = "<group>";
		};
		867C8921299D185000572EDC /* ViewModel */ = {
			isa = PBXGroup;
			children = (
				867C8924299D19A100572EDC /* ProductEditViewModel.swift */,
			);
			path = ViewModel;
			sourceTree = "<group>";
		};
		86CF2F3B299775D500F34529 = {
			isa = PBXGroup;
			children = (
				86CF2F46299775D500F34529 /* OpenMarket */,
				86CF2F45299775D500F34529 /* Products */,
				3FEBBF5890F1C51446BEA698 /* Pods */,
				9C806E6C5440982CCB7A446D /* Frameworks */,
			);
			sourceTree = "<group>";
		};
		86CF2F45299775D500F34529 /* Products */ = {
			isa = PBXGroup;
			children = (
				86CF2F44299775D500F34529 /* OpenMarket.app */,
			);
			name = Products;
			sourceTree = "<group>";
		};
		86CF2F46299775D500F34529 /* OpenMarket */ = {
			isa = PBXGroup;
			children = (
				86CF2F47299775D500F34529 /* AppDelegate.swift */,
				86CF2F49299775D500F34529 /* SceneDelegate.swift */,
				86F048E229979C6800212238 /* AppCoordinator.swift */,
				867C88ED299B29E700572EDC /* DIContainer */,
				86F048E129979C4C00212238 /* Coordinator */,
				86F048F52997BB0900212238 /* Presenter */,
				86F048F62997BB3400212238 /* Domain */,
				867C88DE299A5E5000572EDC /* RepositoryInterface */,
				86F048F82997BB4800212238 /* Data */,
				86FA8505299A3B9400AEBB80 /* Infrastructure */,
				86F048E029979C2100212238 /* Resource */,
				86CF2F55299775D700F34529 /* Info.plist */,
			);
			path = OpenMarket;
			sourceTree = "<group>";
		};
		86F048E029979C2100212238 /* Resource */ = {
			isa = PBXGroup;
			children = (
				867C8912299CCCD600572EDC /* Utils */,
				86CF2F50299775D700F34529 /* Assets.xcassets */,
				86CF2F52299775D700F34529 /* LaunchScreen.storyboard */,
			);
			path = Resource;
			sourceTree = "<group>";
		};
		86F048E129979C4C00212238 /* Coordinator */ = {
			isa = PBXGroup;
			children = (
				86CF2F5C299777FC00F34529 /* Coordinator.swift */,
				86F048EF29979E6600212238 /* ProductListViewCoordinator.swift */,
				86F048F329979E7D00212238 /* ProductRegisterViewCoordinator.swift */,
				867C8926299D1A3B00572EDC /* ProductEditViewCoordinator.swift */,
				867C891B299D0F1200572EDC /* ProductCoordinator.swift */,
			);
			path = Coordinator;
			sourceTree = "<group>";
		};
		86F048EB29979E3800212238 /* ProductListView */ = {
			isa = PBXGroup;
			children = (
				867C88F3299B54E800572EDC /* View */,
				867C88F4299B54EF00572EDC /* ViewModel */,
				867C8916299CF76400572EDC /* ProductView */,
			);
			path = ProductListView;
			sourceTree = "<group>";
		};
		86F048EC29979E4B00212238 /* ProductRegisterView */ = {
			isa = PBXGroup;
			children = (
				867C88FF299B607C00572EDC /* View */,
				867C8900299B607E00572EDC /* ViewModel */,
			);
			path = ProductRegisterView;
			sourceTree = "<group>";
		};
		86F048F52997BB0900212238 /* Presenter */ = {
			isa = PBXGroup;
			children = (
				86F048EB29979E3800212238 /* ProductListView */,
				86F048EC29979E4B00212238 /* ProductRegisterView */,
				867C891F299D183800572EDC /* ProductEditView */,
			);
			path = Presenter;
			sourceTree = "<group>";
		};
		86F048F62997BB3400212238 /* Domain */ = {
			isa = PBXGroup;
			children = (
				86F04910299A254E00212238 /* UseCase */,
				86F0490F299A254600212238 /* Entities */,
			);
			path = Domain;
			sourceTree = "<group>";
		};
		86F048F82997BB4800212238 /* Data */ = {
			isa = PBXGroup;
			children = (
				867C88EA299A604300572EDC /* Repository */,
				867C88E9299A603300572EDC /* Storages */,
				86FA8506299A3C2F00AEBB80 /* Network */,
			);
			path = Data;
			sourceTree = "<group>";
		};
		86F04903299A1CB800212238 /* MultipartForm */ = {
			isa = PBXGroup;
			children = (
				86F04904299A1CD000212238 /* MultipartForm.swift */,
			);
			path = MultipartForm;
			sourceTree = "<group>";
		};
		86F04906299A1D0700212238 /* OpenMarketPassword */ = {
			isa = PBXGroup;
			children = (
				86F04907299A1D2100212238 /* Secret.swift */,
			);
			path = OpenMarketPassword;
			sourceTree = "<group>";
		};
		86F0490F299A254600212238 /* Entities */ = {
			isa = PBXGroup;
			children = (
				867C8908299BBA4B00572EDC /* ProductEntity.swift */,
			);
			path = Entities;
			sourceTree = "<group>";
		};
		86F04910299A254E00212238 /* UseCase */ = {
			isa = PBXGroup;
			children = (
				867C88EB299B278700572EDC /* FetchUseCase.swift */,
				867C8910299CA8A300572EDC /* EditUseCase.swift */,
				867C88FD299B58DD00572EDC /* RegisterUseCase.swift */,
			);
			path = UseCase;
			sourceTree = "<group>";
		};
		86FA8505299A3B9400AEBB80 /* Infrastructure */ = {
			isa = PBXGroup;
			children = (
				86FA8507299A3C4600AEBB80 /* Network */,
			);
			path = Infrastructure;
			sourceTree = "<group>";
		};
		86FA8506299A3C2F00AEBB80 /* Network */ = {
			isa = PBXGroup;
			children = (
				86FA8503299A299C00AEBB80 /* ApiManager.swift */,
				86FA8508299A3C6300AEBB80 /* DTO */,
			);
			path = Network;
			sourceTree = "<group>";
		};
		86FA8507299A3C4600AEBB80 /* Network */ = {
			isa = PBXGroup;
			children = (
				86F04903299A1CB800212238 /* MultipartForm */,
				86F04906299A1D0700212238 /* OpenMarketPassword */,
				86F04901299A1C8700212238 /* RequestManager.swift */,
				86F04914299A25F800212238 /* Currency.swift */,
				86F04909299A1EA400212238 /* HTTPMethod.swift */,
				86F0490D299A1EC800212238 /* ContentType.swift */,
				86F0490B299A1EB600212238 /* NetworkError.swift */,
			);
			path = Network;
			sourceTree = "<group>";
		};
		86FA8508299A3C6300AEBB80 /* DTO */ = {
			isa = PBXGroup;
			children = (
				86F04916299A260A00212238 /* PoductListDTO.swift */,
				86F0491A299A263700212238 /* ProductRequestDTO.swift */,
				86F04918299A262C00212238 /* ProductDTO.swift */,
			);
			path = DTO;
			sourceTree = "<group>";
		};
		9C806E6C5440982CCB7A446D /* Frameworks */ = {
			isa = PBXGroup;
			children = (
				E7917300378E2CA7742B7FF5 /* Pods_OpenMarket.framework */,
			);
			name = Frameworks;
			sourceTree = "<group>";
		};
/* End PBXGroup section */

/* Begin PBXNativeTarget section */
		86CF2F43299775D500F34529 /* OpenMarket */ = {
			isa = PBXNativeTarget;
			buildConfigurationList = 86CF2F58299775D700F34529 /* Build configuration list for PBXNativeTarget "OpenMarket" */;
			buildPhases = (
				7FE2268B7E400A15F0240443 /* [CP] Check Pods Manifest.lock */,
				86CF2F40299775D500F34529 /* Sources */,
				86CF2F41299775D500F34529 /* Frameworks */,
				86CF2F42299775D500F34529 /* Resources */,
				3F2F9BF7E51AD79E71B7CF32 /* [CP] Embed Pods Frameworks */,
			);
			buildRules = (
			);
			dependencies = (
			);
			name = OpenMarket;
			productName = OpenMarket;
			productReference = 86CF2F44299775D500F34529 /* OpenMarket.app */;
			productType = "com.apple.product-type.application";
		};
/* End PBXNativeTarget section */

/* Begin PBXProject section */
		86CF2F3C299775D500F34529 /* Project object */ = {
			isa = PBXProject;
			attributes = {
				BuildIndependentTargetsInParallel = 1;
				LastSwiftUpdateCheck = 1420;
				LastUpgradeCheck = 1420;
				TargetAttributes = {
					86CF2F43299775D500F34529 = {
						CreatedOnToolsVersion = 14.2;
					};
				};
			};
			buildConfigurationList = 86CF2F3F299775D500F34529 /* Build configuration list for PBXProject "OpenMarket" */;
			compatibilityVersion = "Xcode 13.0";
			developmentRegion = en;
			hasScannedForEncodings = 0;
			knownRegions = (
				en,
				Base,
			);
			mainGroup = 86CF2F3B299775D500F34529;
			productRefGroup = 86CF2F45299775D500F34529 /* Products */;
			projectDirPath = "";
			projectRoot = "";
			targets = (
				86CF2F43299775D500F34529 /* OpenMarket */,
			);
		};
/* End PBXProject section */

/* Begin PBXResourcesBuildPhase section */
		86CF2F42299775D500F34529 /* Resources */ = {
			isa = PBXResourcesBuildPhase;
			buildActionMask = 2147483647;
			files = (
				86CF2F54299775D700F34529 /* LaunchScreen.storyboard in Resources */,
				86CF2F51299775D700F34529 /* Assets.xcassets in Resources */,
			);
			runOnlyForDeploymentPostprocessing = 0;
		};
/* End PBXResourcesBuildPhase section */

/* Begin PBXShellScriptBuildPhase section */
		3F2F9BF7E51AD79E71B7CF32 /* [CP] Embed Pods Frameworks */ = {
			isa = PBXShellScriptBuildPhase;
			buildActionMask = 2147483647;
			files = (
			);
			inputFileListPaths = (
				"${PODS_ROOT}/Target Support Files/Pods-OpenMarket/Pods-OpenMarket-frameworks-${CONFIGURATION}-input-files.xcfilelist",
			);
			name = "[CP] Embed Pods Frameworks";
			outputFileListPaths = (
				"${PODS_ROOT}/Target Support Files/Pods-OpenMarket/Pods-OpenMarket-frameworks-${CONFIGURATION}-output-files.xcfilelist",
			);
			runOnlyForDeploymentPostprocessing = 0;
			shellPath = /bin/sh;
			shellScript = "\"${PODS_ROOT}/Target Support Files/Pods-OpenMarket/Pods-OpenMarket-frameworks.sh\"\n";
			showEnvVarsInLog = 0;
		};
		7FE2268B7E400A15F0240443 /* [CP] Check Pods Manifest.lock */ = {
			isa = PBXShellScriptBuildPhase;
			buildActionMask = 2147483647;
			files = (
			);
			inputFileListPaths = (
			);
			inputPaths = (
				"${PODS_PODFILE_DIR_PATH}/Podfile.lock",
				"${PODS_ROOT}/Manifest.lock",
			);
			name = "[CP] Check Pods Manifest.lock";
			outputFileListPaths = (
			);
			outputPaths = (
				"$(DERIVED_FILE_DIR)/Pods-OpenMarket-checkManifestLockResult.txt",
			);
			runOnlyForDeploymentPostprocessing = 0;
			shellPath = /bin/sh;
			shellScript = "diff \"${PODS_PODFILE_DIR_PATH}/Podfile.lock\" \"${PODS_ROOT}/Manifest.lock\" > /dev/null\nif [ $? != 0 ] ; then\n    # print error to STDERR\n    echo \"error: The sandbox is not in sync with the Podfile.lock. Run 'pod install' or update your CocoaPods installation.\" >&2\n    exit 1\nfi\n# This output is used by Xcode 'outputs' to avoid re-running this script phase.\necho \"SUCCESS\" > \"${SCRIPT_OUTPUT_FILE_0}\"\n";
			showEnvVarsInLog = 0;
		};
/* End PBXShellScriptBuildPhase section */

/* Begin PBXSourcesBuildPhase section */
		86CF2F40299775D500F34529 /* Sources */ = {
			isa = PBXSourcesBuildPhase;
			buildActionMask = 2147483647;
			files = (
				867C8925299D19A100572EDC /* ProductEditViewModel.swift in Sources */,
				86CF2F48299775D500F34529 /* AppDelegate.swift in Sources */,
				86F048F429979E7D00212238 /* ProductRegisterViewCoordinator.swift in Sources */,
				86F04905299A1CD000212238 /* MultipartForm.swift in Sources */,
				86F04919299A262C00212238 /* ProductDTO.swift in Sources */,
				867C88FA299B57DE00572EDC /* RegisterRepository.swift in Sources */,
				867C8918299CF77400572EDC /* ProductViewModel.swift in Sources */,
				867C88EF299B2A0B00572EDC /* AppDIContainer.swift in Sources */,
				867C890D299CA74600572EDC /* EditRepository.swift in Sources */,
				867C8915299CCD8F00572EDC /* UIStackViewExtension.swift in Sources */,
				867C8909299BBA4B00572EDC /* ProductEntity.swift in Sources */,
				86F04902299A1C8700212238 /* RequestManager.swift in Sources */,
				867C88FC299B589F00572EDC /* RegisterRepositoriable.swift in Sources */,
				867C8923299D199300572EDC /* ProductEditViewController.swift in Sources */,
				867C891C299D0F1200572EDC /* ProductCoordinator.swift in Sources */,
				86F04908299A1D2100212238 /* Secret.swift in Sources */,
				867C88F2299B42CF00572EDC /* OpenMarketMarketDIC.swift in Sources */,
				86CF2F5E299777FC00F34529 /* Coordinator.swift in Sources */,
				867C8927299D1A3B00572EDC /* ProductEditViewCoordinator.swift in Sources */,
				86F04915299A25F800212238 /* Currency.swift in Sources */,
				867C8911299CA8A300572EDC /* EditUseCase.swift in Sources */,
				86FA8504299A299D00AEBB80 /* ApiManager.swift in Sources */,
				867C88F8299B564200572EDC /* RegisterStorage.swift in Sources */,
				86F048E329979C6800212238 /* AppCoordinator.swift in Sources */,
				86F048F229979E7100212238 /* ProductRegisterViewController.swift in Sources */,
				86F0490A299A1EA400212238 /* HTTPMethod.swift in Sources */,
				867C88E6299A5ED400572EDC /* FetchStorage.swift in Sources */,
				867C8907299B934D00572EDC /* ProductListCell.swift in Sources */,
				867C890F299CA77F00572EDC /* EditRepositoriable.swift in Sources */,
				867C88FE299B58DD00572EDC /* RegisterUseCase.swift in Sources */,
				86F0491B299A263700212238 /* ProductRequestDTO.swift in Sources */,
				86CF2F4A299775D500F34529 /* SceneDelegate.swift in Sources */,
				86F0490C299A1EB600212238 /* NetworkError.swift in Sources */,
				867C8902299B608E00572EDC /* ProductRegisterViewModel.swift in Sources */,
				86F04917299A260A00212238 /* PoductListDTO.swift in Sources */,
				867C88EC299B278700572EDC /* FetchUseCase.swift in Sources */,
				867C88F6299B550400572EDC /* ProductListViewModel.swift in Sources */,
				86F0490E299A1EC800212238 /* ContentType.swift in Sources */,
				86F048EE29979E5B00212238 /* ProductListViewController.swift in Sources */,
				86F048F029979E6600212238 /* ProductListViewCoordinator.swift in Sources */,
				867C890B299BBACF00572EDC /* EditStorage.swift in Sources */,
				867C88E4299A5EC900572EDC /* FetchRepository.swift in Sources */,
				867C891A299CF78900572EDC /* ProductViewController.swift in Sources */,
				867C88E8299A5EEB00572EDC /* FetchRepositorible.swift in Sources */,
			);
			runOnlyForDeploymentPostprocessing = 0;
		};
/* End PBXSourcesBuildPhase section */

/* Begin PBXVariantGroup section */
		86CF2F52299775D700F34529 /* LaunchScreen.storyboard */ = {
			isa = PBXVariantGroup;
			children = (
				86CF2F53299775D700F34529 /* Base */,
			);
			name = LaunchScreen.storyboard;
			sourceTree = "<group>";
		};
/* End PBXVariantGroup section */

/* Begin XCBuildConfiguration section */
		86CF2F56299775D700F34529 /* Debug */ = {
			isa = XCBuildConfiguration;
			buildSettings = {
				ALWAYS_SEARCH_USER_PATHS = NO;
				CLANG_ANALYZER_NONNULL = YES;
				CLANG_ANALYZER_NUMBER_OBJECT_CONVERSION = YES_AGGRESSIVE;
				CLANG_CXX_LANGUAGE_STANDARD = "gnu++20";
				CLANG_ENABLE_MODULES = YES;
				CLANG_ENABLE_OBJC_ARC = YES;
				CLANG_ENABLE_OBJC_WEAK = YES;
				CLANG_WARN_BLOCK_CAPTURE_AUTORELEASING = YES;
				CLANG_WARN_BOOL_CONVERSION = YES;
				CLANG_WARN_COMMA = YES;
				CLANG_WARN_CONSTANT_CONVERSION = YES;
				CLANG_WARN_DEPRECATED_OBJC_IMPLEMENTATIONS = YES;
				CLANG_WARN_DIRECT_OBJC_ISA_USAGE = YES_ERROR;
				CLANG_WARN_DOCUMENTATION_COMMENTS = YES;
				CLANG_WARN_EMPTY_BODY = YES;
				CLANG_WARN_ENUM_CONVERSION = YES;
				CLANG_WARN_INFINITE_RECURSION = YES;
				CLANG_WARN_INT_CONVERSION = YES;
				CLANG_WARN_NON_LITERAL_NULL_CONVERSION = YES;
				CLANG_WARN_OBJC_IMPLICIT_RETAIN_SELF = YES;
				CLANG_WARN_OBJC_LITERAL_CONVERSION = YES;
				CLANG_WARN_OBJC_ROOT_CLASS = YES_ERROR;
				CLANG_WARN_QUOTED_INCLUDE_IN_FRAMEWORK_HEADER = YES;
				CLANG_WARN_RANGE_LOOP_ANALYSIS = YES;
				CLANG_WARN_STRICT_PROTOTYPES = YES;
				CLANG_WARN_SUSPICIOUS_MOVE = YES;
				CLANG_WARN_UNGUARDED_AVAILABILITY = YES_AGGRESSIVE;
				CLANG_WARN_UNREACHABLE_CODE = YES;
				CLANG_WARN__DUPLICATE_METHOD_MATCH = YES;
				COPY_PHASE_STRIP = NO;
				DEBUG_INFORMATION_FORMAT = dwarf;
				ENABLE_STRICT_OBJC_MSGSEND = YES;
				ENABLE_TESTABILITY = YES;
				GCC_C_LANGUAGE_STANDARD = gnu11;
				GCC_DYNAMIC_NO_PIC = NO;
				GCC_NO_COMMON_BLOCKS = YES;
				GCC_OPTIMIZATION_LEVEL = 0;
				GCC_PREPROCESSOR_DEFINITIONS = (
					"DEBUG=1",
					"$(inherited)",
				);
				GCC_WARN_64_TO_32_BIT_CONVERSION = YES;
				GCC_WARN_ABOUT_RETURN_TYPE = YES_ERROR;
				GCC_WARN_UNDECLARED_SELECTOR = YES;
				GCC_WARN_UNINITIALIZED_AUTOS = YES_AGGRESSIVE;
				GCC_WARN_UNUSED_FUNCTION = YES;
				GCC_WARN_UNUSED_VARIABLE = YES;
				IPHONEOS_DEPLOYMENT_TARGET = 16.2;
				MTL_ENABLE_DEBUG_INFO = INCLUDE_SOURCE;
				MTL_FAST_MATH = YES;
				ONLY_ACTIVE_ARCH = YES;
				SDKROOT = iphoneos;
				SWIFT_ACTIVE_COMPILATION_CONDITIONS = DEBUG;
				SWIFT_OPTIMIZATION_LEVEL = "-Onone";
			};
			name = Debug;
		};
		86CF2F57299775D700F34529 /* Release */ = {
			isa = XCBuildConfiguration;
			buildSettings = {
				ALWAYS_SEARCH_USER_PATHS = NO;
				CLANG_ANALYZER_NONNULL = YES;
				CLANG_ANALYZER_NUMBER_OBJECT_CONVERSION = YES_AGGRESSIVE;
				CLANG_CXX_LANGUAGE_STANDARD = "gnu++20";
				CLANG_ENABLE_MODULES = YES;
				CLANG_ENABLE_OBJC_ARC = YES;
				CLANG_ENABLE_OBJC_WEAK = YES;
				CLANG_WARN_BLOCK_CAPTURE_AUTORELEASING = YES;
				CLANG_WARN_BOOL_CONVERSION = YES;
				CLANG_WARN_COMMA = YES;
				CLANG_WARN_CONSTANT_CONVERSION = YES;
				CLANG_WARN_DEPRECATED_OBJC_IMPLEMENTATIONS = YES;
				CLANG_WARN_DIRECT_OBJC_ISA_USAGE = YES_ERROR;
				CLANG_WARN_DOCUMENTATION_COMMENTS = YES;
				CLANG_WARN_EMPTY_BODY = YES;
				CLANG_WARN_ENUM_CONVERSION = YES;
				CLANG_WARN_INFINITE_RECURSION = YES;
				CLANG_WARN_INT_CONVERSION = YES;
				CLANG_WARN_NON_LITERAL_NULL_CONVERSION = YES;
				CLANG_WARN_OBJC_IMPLICIT_RETAIN_SELF = YES;
				CLANG_WARN_OBJC_LITERAL_CONVERSION = YES;
				CLANG_WARN_OBJC_ROOT_CLASS = YES_ERROR;
				CLANG_WARN_QUOTED_INCLUDE_IN_FRAMEWORK_HEADER = YES;
				CLANG_WARN_RANGE_LOOP_ANALYSIS = YES;
				CLANG_WARN_STRICT_PROTOTYPES = YES;
				CLANG_WARN_SUSPICIOUS_MOVE = YES;
				CLANG_WARN_UNGUARDED_AVAILABILITY = YES_AGGRESSIVE;
				CLANG_WARN_UNREACHABLE_CODE = YES;
				CLANG_WARN__DUPLICATE_METHOD_MATCH = YES;
				COPY_PHASE_STRIP = NO;
				DEBUG_INFORMATION_FORMAT = "dwarf-with-dsym";
				ENABLE_NS_ASSERTIONS = NO;
				ENABLE_STRICT_OBJC_MSGSEND = YES;
				GCC_C_LANGUAGE_STANDARD = gnu11;
				GCC_NO_COMMON_BLOCKS = YES;
				GCC_WARN_64_TO_32_BIT_CONVERSION = YES;
				GCC_WARN_ABOUT_RETURN_TYPE = YES_ERROR;
				GCC_WARN_UNDECLARED_SELECTOR = YES;
				GCC_WARN_UNINITIALIZED_AUTOS = YES_AGGRESSIVE;
				GCC_WARN_UNUSED_FUNCTION = YES;
				GCC_WARN_UNUSED_VARIABLE = YES;
				IPHONEOS_DEPLOYMENT_TARGET = 16.2;
				MTL_ENABLE_DEBUG_INFO = NO;
				MTL_FAST_MATH = YES;
				SDKROOT = iphoneos;
				SWIFT_COMPILATION_MODE = wholemodule;
				SWIFT_OPTIMIZATION_LEVEL = "-O";
				VALIDATE_PRODUCT = YES;
			};
			name = Release;
		};
		86CF2F59299775D700F34529 /* Debug */ = {
			isa = XCBuildConfiguration;
			baseConfigurationReference = BF6885029F041638596A7E9B /* Pods-OpenMarket.debug.xcconfig */;
			buildSettings = {
				ASSETCATALOG_COMPILER_APPICON_NAME = AppIcon;
				ASSETCATALOG_COMPILER_GLOBAL_ACCENT_COLOR_NAME = AccentColor;
				CODE_SIGN_STYLE = Automatic;
				CURRENT_PROJECT_VERSION = 1;
				DEVELOPMENT_TEAM = YB5KQCLMY6;
				GENERATE_INFOPLIST_FILE = YES;
				INFOPLIST_FILE = OpenMarket/Info.plist;
				INFOPLIST_KEY_UIApplicationSupportsIndirectInputEvents = YES;
				INFOPLIST_KEY_UILaunchStoryboardName = LaunchScreen;
				INFOPLIST_KEY_UISupportedInterfaceOrientations_iPad = "UIInterfaceOrientationPortrait UIInterfaceOrientationPortraitUpsideDown UIInterfaceOrientationLandscapeLeft UIInterfaceOrientationLandscapeRight";
				INFOPLIST_KEY_UISupportedInterfaceOrientations_iPhone = "UIInterfaceOrientationPortrait UIInterfaceOrientationLandscapeLeft UIInterfaceOrientationLandscapeRight";
				LD_RUNPATH_SEARCH_PATHS = (
					"$(inherited)",
					"@executable_path/Frameworks",
				);
				MARKETING_VERSION = 1.0;
				PRODUCT_BUNDLE_IDENTIFIER = joohan.OpenMarket;
				PRODUCT_NAME = "$(TARGET_NAME)";
				SWIFT_EMIT_LOC_STRINGS = YES;
				SWIFT_VERSION = 5.0;
				TARGETED_DEVICE_FAMILY = "1,2";
			};
			name = Debug;
		};
		86CF2F5A299775D700F34529 /* Release */ = {
			isa = XCBuildConfiguration;
			baseConfigurationReference = A08207DD68DA2037F77C6733 /* Pods-OpenMarket.release.xcconfig */;
			buildSettings = {
				ASSETCATALOG_COMPILER_APPICON_NAME = AppIcon;
				ASSETCATALOG_COMPILER_GLOBAL_ACCENT_COLOR_NAME = AccentColor;
				CODE_SIGN_STYLE = Automatic;
				CURRENT_PROJECT_VERSION = 1;
				DEVELOPMENT_TEAM = YB5KQCLMY6;
				GENERATE_INFOPLIST_FILE = YES;
				INFOPLIST_FILE = OpenMarket/Info.plist;
				INFOPLIST_KEY_UIApplicationSupportsIndirectInputEvents = YES;
				INFOPLIST_KEY_UILaunchStoryboardName = LaunchScreen;
				INFOPLIST_KEY_UISupportedInterfaceOrientations_iPad = "UIInterfaceOrientationPortrait UIInterfaceOrientationPortraitUpsideDown UIInterfaceOrientationLandscapeLeft UIInterfaceOrientationLandscapeRight";
				INFOPLIST_KEY_UISupportedInterfaceOrientations_iPhone = "UIInterfaceOrientationPortrait UIInterfaceOrientationLandscapeLeft UIInterfaceOrientationLandscapeRight";
				LD_RUNPATH_SEARCH_PATHS = (
					"$(inherited)",
					"@executable_path/Frameworks",
				);
				MARKETING_VERSION = 1.0;
				PRODUCT_BUNDLE_IDENTIFIER = joohan.OpenMarket;
				PRODUCT_NAME = "$(TARGET_NAME)";
				SWIFT_EMIT_LOC_STRINGS = YES;
				SWIFT_VERSION = 5.0;
				TARGETED_DEVICE_FAMILY = "1,2";
			};
			name = Release;
		};
/* End XCBuildConfiguration section */

/* Begin XCConfigurationList section */
		86CF2F3F299775D500F34529 /* Build configuration list for PBXProject "OpenMarket" */ = {
			isa = XCConfigurationList;
			buildConfigurations = (
				86CF2F56299775D700F34529 /* Debug */,
				86CF2F57299775D700F34529 /* Release */,
			);
			defaultConfigurationIsVisible = 0;
			defaultConfigurationName = Release;
		};
		86CF2F58299775D700F34529 /* Build configuration list for PBXNativeTarget "OpenMarket" */ = {
			isa = XCConfigurationList;
			buildConfigurations = (
				86CF2F59299775D700F34529 /* Debug */,
				86CF2F5A299775D700F34529 /* Release */,
			);
			defaultConfigurationIsVisible = 0;
			defaultConfigurationName = Release;
		};
/* End XCConfigurationList section */
	};
	rootObject = 86CF2F3C299775D500F34529 /* Project object */;
}
