// !$*UTF8*$!
{
	archiveVersion = 1;
	classes = {
	};
	objectVersion = 55;
	objects = {

/* Begin PBXBuildFile section */
		3C1C89E5BCF79E7ACCA18F22 /* Pods_OpenMarketUIkit.framework in Frameworks */ = {isa = PBXBuildFile; fileRef = EE2AB459CB0AFACB24687A27 /* Pods_OpenMarketUIkit.framework */; };
		44F3941D704825E60682B9CD /* Pods_OpenMarketUIkitTests.framework in Frameworks */ = {isa = PBXBuildFile; fileRef = 935B239B2D11DF73586896CB /* Pods_OpenMarketUIkitTests.framework */; };
		86CF2EC1299752AF00F34529 /* AppDelegate.swift in Sources */ = {isa = PBXBuildFile; fileRef = 86CF2EC0299752AF00F34529 /* AppDelegate.swift */; };
		86CF2EC3299752AF00F34529 /* SceneDelegate.swift in Sources */ = {isa = PBXBuildFile; fileRef = 86CF2EC2299752AF00F34529 /* SceneDelegate.swift */; };
		86CF2EC5299752AF00F34529 /* ViewController.swift in Sources */ = {isa = PBXBuildFile; fileRef = 86CF2EC4299752AF00F34529 /* ViewController.swift */; };
		86CF2ECA299752B100F34529 /* Assets.xcassets in Resources */ = {isa = PBXBuildFile; fileRef = 86CF2EC9299752B100F34529 /* Assets.xcassets */; };
		86CF2ECD299752B100F34529 /* LaunchScreen.storyboard in Resources */ = {isa = PBXBuildFile; fileRef = 86CF2ECB299752B100F34529 /* LaunchScreen.storyboard */; };
		86CF2ED8299752B100F34529 /* OpenMarketUIkitTests.swift in Sources */ = {isa = PBXBuildFile; fileRef = 86CF2ED7299752B100F34529 /* OpenMarketUIkitTests.swift */; };
		86CF2EE2299752B100F34529 /* OpenMarketUIkitUITests.swift in Sources */ = {isa = PBXBuildFile; fileRef = 86CF2EE1299752B100F34529 /* OpenMarketUIkitUITests.swift */; };
		86CF2EE4299752B100F34529 /* OpenMarketUIkitUITestsLaunchTests.swift in Sources */ = {isa = PBXBuildFile; fileRef = 86CF2EE3299752B100F34529 /* OpenMarketUIkitUITestsLaunchTests.swift */; };
		8A8033C231105C3686B8FD94 /* Pods_OpenMarketUIkit_OpenMarketUIkitUITests.framework in Frameworks */ = {isa = PBXBuildFile; fileRef = 06ED2871AE7DE76E5ADC4BD5 /* Pods_OpenMarketUIkit_OpenMarketUIkitUITests.framework */; };
/* End PBXBuildFile section */

/* Begin PBXContainerItemProxy section */
		86CF2ED4299752B100F34529 /* PBXContainerItemProxy */ = {
			isa = PBXContainerItemProxy;
			containerPortal = 86CF2EB5299752AF00F34529 /* Project object */;
			proxyType = 1;
			remoteGlobalIDString = 86CF2EBC299752AF00F34529;
			remoteInfo = OpenMarketUIkit;
		};
		86CF2EDE299752B100F34529 /* PBXContainerItemProxy */ = {
			isa = PBXContainerItemProxy;
			containerPortal = 86CF2EB5299752AF00F34529 /* Project object */;
			proxyType = 1;
			remoteGlobalIDString = 86CF2EBC299752AF00F34529;
			remoteInfo = OpenMarketUIkit;
		};
/* End PBXContainerItemProxy section */

/* Begin PBXFileReference section */
		06ED2871AE7DE76E5ADC4BD5 /* Pods_OpenMarketUIkit_OpenMarketUIkitUITests.framework */ = {isa = PBXFileReference; explicitFileType = wrapper.framework; includeInIndex = 0; path = Pods_OpenMarketUIkit_OpenMarketUIkitUITests.framework; sourceTree = BUILT_PRODUCTS_DIR; };
		7ECDE4D1DB8181430B0D0A9F /* Pods-OpenMarketUIkit.debug.xcconfig */ = {isa = PBXFileReference; includeInIndex = 1; lastKnownFileType = text.xcconfig; name = "Pods-OpenMarketUIkit.debug.xcconfig"; path = "Target Support Files/Pods-OpenMarketUIkit/Pods-OpenMarketUIkit.debug.xcconfig"; sourceTree = "<group>"; };
		86CF2EBD299752AF00F34529 /* OpenMarketUIkit.app */ = {isa = PBXFileReference; explicitFileType = wrapper.application; includeInIndex = 0; path = OpenMarketUIkit.app; sourceTree = BUILT_PRODUCTS_DIR; };
		86CF2EC0299752AF00F34529 /* AppDelegate.swift */ = {isa = PBXFileReference; lastKnownFileType = sourcecode.swift; path = AppDelegate.swift; sourceTree = "<group>"; };
		86CF2EC2299752AF00F34529 /* SceneDelegate.swift */ = {isa = PBXFileReference; lastKnownFileType = sourcecode.swift; path = SceneDelegate.swift; sourceTree = "<group>"; };
		86CF2EC4299752AF00F34529 /* ViewController.swift */ = {isa = PBXFileReference; lastKnownFileType = sourcecode.swift; path = ViewController.swift; sourceTree = "<group>"; };
		86CF2EC9299752B100F34529 /* Assets.xcassets */ = {isa = PBXFileReference; lastKnownFileType = folder.assetcatalog; path = Assets.xcassets; sourceTree = "<group>"; };
		86CF2ECC299752B100F34529 /* Base */ = {isa = PBXFileReference; lastKnownFileType = file.storyboard; name = Base; path = Base.lproj/LaunchScreen.storyboard; sourceTree = "<group>"; };
		86CF2ECE299752B100F34529 /* Info.plist */ = {isa = PBXFileReference; lastKnownFileType = text.plist.xml; path = Info.plist; sourceTree = "<group>"; };
		86CF2ED3299752B100F34529 /* OpenMarketUIkitTests.xctest */ = {isa = PBXFileReference; explicitFileType = wrapper.cfbundle; includeInIndex = 0; path = OpenMarketUIkitTests.xctest; sourceTree = BUILT_PRODUCTS_DIR; };
		86CF2ED7299752B100F34529 /* OpenMarketUIkitTests.swift */ = {isa = PBXFileReference; lastKnownFileType = sourcecode.swift; path = OpenMarketUIkitTests.swift; sourceTree = "<group>"; };
		86CF2EDD299752B100F34529 /* OpenMarketUIkitUITests.xctest */ = {isa = PBXFileReference; explicitFileType = wrapper.cfbundle; includeInIndex = 0; path = OpenMarketUIkitUITests.xctest; sourceTree = BUILT_PRODUCTS_DIR; };
		86CF2EE1299752B100F34529 /* OpenMarketUIkitUITests.swift */ = {isa = PBXFileReference; lastKnownFileType = sourcecode.swift; path = OpenMarketUIkitUITests.swift; sourceTree = "<group>"; };
		86CF2EE3299752B100F34529 /* OpenMarketUIkitUITestsLaunchTests.swift */ = {isa = PBXFileReference; lastKnownFileType = sourcecode.swift; path = OpenMarketUIkitUITestsLaunchTests.swift; sourceTree = "<group>"; };
		935B239B2D11DF73586896CB /* Pods_OpenMarketUIkitTests.framework */ = {isa = PBXFileReference; explicitFileType = wrapper.framework; includeInIndex = 0; path = Pods_OpenMarketUIkitTests.framework; sourceTree = BUILT_PRODUCTS_DIR; };
		AF2D1A01E8EEA50ECF6FCDCF /* Pods-OpenMarketUIkitTests.release.xcconfig */ = {isa = PBXFileReference; includeInIndex = 1; lastKnownFileType = text.xcconfig; name = "Pods-OpenMarketUIkitTests.release.xcconfig"; path = "Target Support Files/Pods-OpenMarketUIkitTests/Pods-OpenMarketUIkitTests.release.xcconfig"; sourceTree = "<group>"; };
		BDBA9B004B311FCC4D684349 /* Pods-OpenMarketUIkit-OpenMarketUIkitUITests.debug.xcconfig */ = {isa = PBXFileReference; includeInIndex = 1; lastKnownFileType = text.xcconfig; name = "Pods-OpenMarketUIkit-OpenMarketUIkitUITests.debug.xcconfig"; path = "Target Support Files/Pods-OpenMarketUIkit-OpenMarketUIkitUITests/Pods-OpenMarketUIkit-OpenMarketUIkitUITests.debug.xcconfig"; sourceTree = "<group>"; };
		CCF7FF6A08929678BE8DCF4F /* Pods-OpenMarketUIkitTests.debug.xcconfig */ = {isa = PBXFileReference; includeInIndex = 1; lastKnownFileType = text.xcconfig; name = "Pods-OpenMarketUIkitTests.debug.xcconfig"; path = "Target Support Files/Pods-OpenMarketUIkitTests/Pods-OpenMarketUIkitTests.debug.xcconfig"; sourceTree = "<group>"; };
		D1E350ABE54157B1DCCED9B8 /* Pods-OpenMarketUIkit.release.xcconfig */ = {isa = PBXFileReference; includeInIndex = 1; lastKnownFileType = text.xcconfig; name = "Pods-OpenMarketUIkit.release.xcconfig"; path = "Target Support Files/Pods-OpenMarketUIkit/Pods-OpenMarketUIkit.release.xcconfig"; sourceTree = "<group>"; };
		D33732FABC2E9D9F7A71152A /* Pods-OpenMarketUIkit-OpenMarketUIkitUITests.release.xcconfig */ = {isa = PBXFileReference; includeInIndex = 1; lastKnownFileType = text.xcconfig; name = "Pods-OpenMarketUIkit-OpenMarketUIkitUITests.release.xcconfig"; path = "Target Support Files/Pods-OpenMarketUIkit-OpenMarketUIkitUITests/Pods-OpenMarketUIkit-OpenMarketUIkitUITests.release.xcconfig"; sourceTree = "<group>"; };
		EE2AB459CB0AFACB24687A27 /* Pods_OpenMarketUIkit.framework */ = {isa = PBXFileReference; explicitFileType = wrapper.framework; includeInIndex = 0; path = Pods_OpenMarketUIkit.framework; sourceTree = BUILT_PRODUCTS_DIR; };
/* End PBXFileReference section */

/* Begin PBXFrameworksBuildPhase section */
		86CF2EBA299752AF00F34529 /* Frameworks */ = {
			isa = PBXFrameworksBuildPhase;
			buildActionMask = 2147483647;
			files = (
				3C1C89E5BCF79E7ACCA18F22 /* Pods_OpenMarketUIkit.framework in Frameworks */,
			);
			runOnlyForDeploymentPostprocessing = 0;
		};
		86CF2ED0299752B100F34529 /* Frameworks */ = {
			isa = PBXFrameworksBuildPhase;
			buildActionMask = 2147483647;
			files = (
				44F3941D704825E60682B9CD /* Pods_OpenMarketUIkitTests.framework in Frameworks */,
			);
			runOnlyForDeploymentPostprocessing = 0;
		};
		86CF2EDA299752B100F34529 /* Frameworks */ = {
			isa = PBXFrameworksBuildPhase;
			buildActionMask = 2147483647;
			files = (
				8A8033C231105C3686B8FD94 /* Pods_OpenMarketUIkit_OpenMarketUIkitUITests.framework in Frameworks */,
			);
			runOnlyForDeploymentPostprocessing = 0;
		};
/* End PBXFrameworksBuildPhase section */

/* Begin PBXGroup section */
		4A2BD54CAE8E81508721A52F /* Frameworks */ = {
			isa = PBXGroup;
			children = (
				EE2AB459CB0AFACB24687A27 /* Pods_OpenMarketUIkit.framework */,
				06ED2871AE7DE76E5ADC4BD5 /* Pods_OpenMarketUIkit_OpenMarketUIkitUITests.framework */,
				935B239B2D11DF73586896CB /* Pods_OpenMarketUIkitTests.framework */,
			);
			name = Frameworks;
			sourceTree = "<group>";
		};
		86CF2EB4299752AF00F34529 = {
			isa = PBXGroup;
			children = (
				86CF2EBF299752AF00F34529 /* OpenMarketUIkit */,
				86CF2ED6299752B100F34529 /* OpenMarketUIkitTests */,
				86CF2EE0299752B100F34529 /* OpenMarketUIkitUITests */,
				86CF2EBE299752AF00F34529 /* Products */,
				DE26AC2335A551CD64FE0130 /* Pods */,
				4A2BD54CAE8E81508721A52F /* Frameworks */,
			);
			sourceTree = "<group>";
		};
		86CF2EBE299752AF00F34529 /* Products */ = {
			isa = PBXGroup;
			children = (
				86CF2EBD299752AF00F34529 /* OpenMarketUIkit.app */,
				86CF2ED3299752B100F34529 /* OpenMarketUIkitTests.xctest */,
				86CF2EDD299752B100F34529 /* OpenMarketUIkitUITests.xctest */,
			);
			name = Products;
			sourceTree = "<group>";
		};
		86CF2EBF299752AF00F34529 /* OpenMarketUIkit */ = {
			isa = PBXGroup;
			children = (
				86CF2EC0299752AF00F34529 /* AppDelegate.swift */,
				86CF2EC2299752AF00F34529 /* SceneDelegate.swift */,
				86CF2EC4299752AF00F34529 /* ViewController.swift */,
				86CF2ECE299752B100F34529 /* Info.plist */,
				86CF2EF3299759F200F34529 /* Resource */,
			);
			path = OpenMarketUIkit;
			sourceTree = "<group>";
		};
		86CF2ED6299752B100F34529 /* OpenMarketUIkitTests */ = {
			isa = PBXGroup;
			children = (
				86CF2ED7299752B100F34529 /* OpenMarketUIkitTests.swift */,
			);
			path = OpenMarketUIkitTests;
			sourceTree = "<group>";
		};
		86CF2EE0299752B100F34529 /* OpenMarketUIkitUITests */ = {
			isa = PBXGroup;
			children = (
				86CF2EE1299752B100F34529 /* OpenMarketUIkitUITests.swift */,
				86CF2EE3299752B100F34529 /* OpenMarketUIkitUITestsLaunchTests.swift */,
			);
			path = OpenMarketUIkitUITests;
			sourceTree = "<group>";
		};
		86CF2EF3299759F200F34529 /* Resource */ = {
			isa = PBXGroup;
			children = (
				86CF2EC9299752B100F34529 /* Assets.xcassets */,
				86CF2ECB299752B100F34529 /* LaunchScreen.storyboard */,
			);
			path = Resource;
			sourceTree = "<group>";
		};
		DE26AC2335A551CD64FE0130 /* Pods */ = {
			isa = PBXGroup;
			children = (
				7ECDE4D1DB8181430B0D0A9F /* Pods-OpenMarketUIkit.debug.xcconfig */,
				D1E350ABE54157B1DCCED9B8 /* Pods-OpenMarketUIkit.release.xcconfig */,
				BDBA9B004B311FCC4D684349 /* Pods-OpenMarketUIkit-OpenMarketUIkitUITests.debug.xcconfig */,
				D33732FABC2E9D9F7A71152A /* Pods-OpenMarketUIkit-OpenMarketUIkitUITests.release.xcconfig */,
				CCF7FF6A08929678BE8DCF4F /* Pods-OpenMarketUIkitTests.debug.xcconfig */,
				AF2D1A01E8EEA50ECF6FCDCF /* Pods-OpenMarketUIkitTests.release.xcconfig */,
			);
			path = Pods;
			sourceTree = "<group>";
		};
/* End PBXGroup section */

/* Begin PBXNativeTarget section */
		86CF2EBC299752AF00F34529 /* OpenMarketUIkit */ = {
			isa = PBXNativeTarget;
			buildConfigurationList = 86CF2EE7299752B100F34529 /* Build configuration list for PBXNativeTarget "OpenMarketUIkit" */;
			buildPhases = (
				C73453E52F0456010A251FEE /* [CP] Check Pods Manifest.lock */,
				86CF2EB9299752AF00F34529 /* Sources */,
				86CF2EBA299752AF00F34529 /* Frameworks */,
				86CF2EBB299752AF00F34529 /* Resources */,
				7694BAF908C9D90BCBE71596 /* [CP] Embed Pods Frameworks */,
			);
			buildRules = (
			);
			dependencies = (
			);
			name = OpenMarketUIkit;
			productName = OpenMarketUIkit;
			productReference = 86CF2EBD299752AF00F34529 /* OpenMarketUIkit.app */;
			productType = "com.apple.product-type.application";
		};
		86CF2ED2299752B100F34529 /* OpenMarketUIkitTests */ = {
			isa = PBXNativeTarget;
			buildConfigurationList = 86CF2EEA299752B100F34529 /* Build configuration list for PBXNativeTarget "OpenMarketUIkitTests" */;
			buildPhases = (
				06E57DD0B76E0A1208F3FC5A /* [CP] Check Pods Manifest.lock */,
				86CF2ECF299752B100F34529 /* Sources */,
				86CF2ED0299752B100F34529 /* Frameworks */,
				86CF2ED1299752B100F34529 /* Resources */,
			);
			buildRules = (
			);
			dependencies = (
				86CF2ED5299752B100F34529 /* PBXTargetDependency */,
			);
			name = OpenMarketUIkitTests;
			productName = OpenMarketUIkitTests;
			productReference = 86CF2ED3299752B100F34529 /* OpenMarketUIkitTests.xctest */;
			productType = "com.apple.product-type.bundle.unit-test";
		};
		86CF2EDC299752B100F34529 /* OpenMarketUIkitUITests */ = {
			isa = PBXNativeTarget;
			buildConfigurationList = 86CF2EED299752B100F34529 /* Build configuration list for PBXNativeTarget "OpenMarketUIkitUITests" */;
			buildPhases = (
				6C5E4165EA39FCF5A9FCCD89 /* [CP] Check Pods Manifest.lock */,
				86CF2ED9299752B100F34529 /* Sources */,
				86CF2EDA299752B100F34529 /* Frameworks */,
				86CF2EDB299752B100F34529 /* Resources */,
				7277DB662C72848DFCF42CB8 /* [CP] Embed Pods Frameworks */,
			);
			buildRules = (
			);
			dependencies = (
				86CF2EDF299752B100F34529 /* PBXTargetDependency */,
			);
			name = OpenMarketUIkitUITests;
			productName = OpenMarketUIkitUITests;
			productReference = 86CF2EDD299752B100F34529 /* OpenMarketUIkitUITests.xctest */;
			productType = "com.apple.product-type.bundle.ui-testing";
		};
/* End PBXNativeTarget section */

/* Begin PBXProject section */
		86CF2EB5299752AF00F34529 /* Project object */ = {
			isa = PBXProject;
			attributes = {
				BuildIndependentTargetsInParallel = 1;
				LastSwiftUpdateCheck = 1420;
				LastUpgradeCheck = 1420;
				TargetAttributes = {
					86CF2EBC299752AF00F34529 = {
						CreatedOnToolsVersion = 14.2;
					};
					86CF2ED2299752B100F34529 = {
						CreatedOnToolsVersion = 14.2;
						TestTargetID = 86CF2EBC299752AF00F34529;
					};
					86CF2EDC299752B100F34529 = {
						CreatedOnToolsVersion = 14.2;
						TestTargetID = 86CF2EBC299752AF00F34529;
					};
				};
			};
			buildConfigurationList = 86CF2EB8299752AF00F34529 /* Build configuration list for PBXProject "OpenMarketUIkit" */;
			compatibilityVersion = "Xcode 13.0";
			developmentRegion = en;
			hasScannedForEncodings = 0;
			knownRegions = (
				en,
				Base,
			);
			mainGroup = 86CF2EB4299752AF00F34529;
			productRefGroup = 86CF2EBE299752AF00F34529 /* Products */;
			projectDirPath = "";
			projectRoot = "";
			targets = (
				86CF2EBC299752AF00F34529 /* OpenMarketUIkit */,
				86CF2ED2299752B100F34529 /* OpenMarketUIkitTests */,
				86CF2EDC299752B100F34529 /* OpenMarketUIkitUITests */,
			);
		};
/* End PBXProject section */

/* Begin PBXResourcesBuildPhase section */
		86CF2EBB299752AF00F34529 /* Resources */ = {
			isa = PBXResourcesBuildPhase;
			buildActionMask = 2147483647;
			files = (
				86CF2ECD299752B100F34529 /* LaunchScreen.storyboard in Resources */,
				86CF2ECA299752B100F34529 /* Assets.xcassets in Resources */,
			);
			runOnlyForDeploymentPostprocessing = 0;
		};
		86CF2ED1299752B100F34529 /* Resources */ = {
			isa = PBXResourcesBuildPhase;
			buildActionMask = 2147483647;
			files = (
			);
			runOnlyForDeploymentPostprocessing = 0;
		};
		86CF2EDB299752B100F34529 /* Resources */ = {
			isa = PBXResourcesBuildPhase;
			buildActionMask = 2147483647;
			files = (
			);
			runOnlyForDeploymentPostprocessing = 0;
		};
/* End PBXResourcesBuildPhase section */

/* Begin PBXShellScriptBuildPhase section */
		06E57DD0B76E0A1208F3FC5A /* [CP] Check Pods Manifest.lock */ = {
			isa = PBXShellScriptBuildPhase;
			buildActionMask = 2147483647;
			files = (
			);
			inputFileListPaths = (
			);
			inputPaths = (
				"${PODS_PODFILE_DIR_PATH}/Podfile.lock",
				"${PODS_ROOT}/Manifest.lock",
			);
			name = "[CP] Check Pods Manifest.lock";
			outputFileListPaths = (
			);
			outputPaths = (
				"$(DERIVED_FILE_DIR)/Pods-OpenMarketUIkitTests-checkManifestLockResult.txt",
			);
			runOnlyForDeploymentPostprocessing = 0;
			shellPath = /bin/sh;
			shellScript = "diff \"${PODS_PODFILE_DIR_PATH}/Podfile.lock\" \"${PODS_ROOT}/Manifest.lock\" > /dev/null\nif [ $? != 0 ] ; then\n    # print error to STDERR\n    echo \"error: The sandbox is not in sync with the Podfile.lock. Run 'pod install' or update your CocoaPods installation.\" >&2\n    exit 1\nfi\n# This output is used by Xcode 'outputs' to avoid re-running this script phase.\necho \"SUCCESS\" > \"${SCRIPT_OUTPUT_FILE_0}\"\n";
			showEnvVarsInLog = 0;
		};
		6C5E4165EA39FCF5A9FCCD89 /* [CP] Check Pods Manifest.lock */ = {
			isa = PBXShellScriptBuildPhase;
			buildActionMask = 2147483647;
			files = (
			);
			inputFileListPaths = (
			);
			inputPaths = (
				"${PODS_PODFILE_DIR_PATH}/Podfile.lock",
				"${PODS_ROOT}/Manifest.lock",
			);
			name = "[CP] Check Pods Manifest.lock";
			outputFileListPaths = (
			);
			outputPaths = (
				"$(DERIVED_FILE_DIR)/Pods-OpenMarketUIkit-OpenMarketUIkitUITests-checkManifestLockResult.txt",
			);
			runOnlyForDeploymentPostprocessing = 0;
			shellPath = /bin/sh;
			shellScript = "diff \"${PODS_PODFILE_DIR_PATH}/Podfile.lock\" \"${PODS_ROOT}/Manifest.lock\" > /dev/null\nif [ $? != 0 ] ; then\n    # print error to STDERR\n    echo \"error: The sandbox is not in sync with the Podfile.lock. Run 'pod install' or update your CocoaPods installation.\" >&2\n    exit 1\nfi\n# This output is used by Xcode 'outputs' to avoid re-running this script phase.\necho \"SUCCESS\" > \"${SCRIPT_OUTPUT_FILE_0}\"\n";
			showEnvVarsInLog = 0;
		};
		7277DB662C72848DFCF42CB8 /* [CP] Embed Pods Frameworks */ = {
			isa = PBXShellScriptBuildPhase;
			buildActionMask = 2147483647;
			files = (
			);
			inputFileListPaths = (
				"${PODS_ROOT}/Target Support Files/Pods-OpenMarketUIkit-OpenMarketUIkitUITests/Pods-OpenMarketUIkit-OpenMarketUIkitUITests-frameworks-${CONFIGURATION}-input-files.xcfilelist",
			);
			name = "[CP] Embed Pods Frameworks";
			outputFileListPaths = (
				"${PODS_ROOT}/Target Support Files/Pods-OpenMarketUIkit-OpenMarketUIkitUITests/Pods-OpenMarketUIkit-OpenMarketUIkitUITests-frameworks-${CONFIGURATION}-output-files.xcfilelist",
			);
			runOnlyForDeploymentPostprocessing = 0;
			shellPath = /bin/sh;
			shellScript = "\"${PODS_ROOT}/Target Support Files/Pods-OpenMarketUIkit-OpenMarketUIkitUITests/Pods-OpenMarketUIkit-OpenMarketUIkitUITests-frameworks.sh\"\n";
			showEnvVarsInLog = 0;
		};
		7694BAF908C9D90BCBE71596 /* [CP] Embed Pods Frameworks */ = {
			isa = PBXShellScriptBuildPhase;
			buildActionMask = 2147483647;
			files = (
			);
			inputFileListPaths = (
				"${PODS_ROOT}/Target Support Files/Pods-OpenMarketUIkit/Pods-OpenMarketUIkit-frameworks-${CONFIGURATION}-input-files.xcfilelist",
			);
			name = "[CP] Embed Pods Frameworks";
			outputFileListPaths = (
				"${PODS_ROOT}/Target Support Files/Pods-OpenMarketUIkit/Pods-OpenMarketUIkit-frameworks-${CONFIGURATION}-output-files.xcfilelist",
			);
			runOnlyForDeploymentPostprocessing = 0;
			shellPath = /bin/sh;
			shellScript = "\"${PODS_ROOT}/Target Support Files/Pods-OpenMarketUIkit/Pods-OpenMarketUIkit-frameworks.sh\"\n";
			showEnvVarsInLog = 0;
		};
		C73453E52F0456010A251FEE /* [CP] Check Pods Manifest.lock */ = {
			isa = PBXShellScriptBuildPhase;
			buildActionMask = 2147483647;
			files = (
			);
			inputFileListPaths = (
			);
			inputPaths = (
				"${PODS_PODFILE_DIR_PATH}/Podfile.lock",
				"${PODS_ROOT}/Manifest.lock",
			);
			name = "[CP] Check Pods Manifest.lock";
			outputFileListPaths = (
			);
			outputPaths = (
				"$(DERIVED_FILE_DIR)/Pods-OpenMarketUIkit-checkManifestLockResult.txt",
			);
			runOnlyForDeploymentPostprocessing = 0;
			shellPath = /bin/sh;
			shellScript = "diff \"${PODS_PODFILE_DIR_PATH}/Podfile.lock\" \"${PODS_ROOT}/Manifest.lock\" > /dev/null\nif [ $? != 0 ] ; then\n    # print error to STDERR\n    echo \"error: The sandbox is not in sync with the Podfile.lock. Run 'pod install' or update your CocoaPods installation.\" >&2\n    exit 1\nfi\n# This output is used by Xcode 'outputs' to avoid re-running this script phase.\necho \"SUCCESS\" > \"${SCRIPT_OUTPUT_FILE_0}\"\n";
			showEnvVarsInLog = 0;
		};
/* End PBXShellScriptBuildPhase section */

/* Begin PBXSourcesBuildPhase section */
		86CF2EB9299752AF00F34529 /* Sources */ = {
			isa = PBXSourcesBuildPhase;
			buildActionMask = 2147483647;
			files = (
				86CF2EC5299752AF00F34529 /* ViewController.swift in Sources */,
				86CF2EC1299752AF00F34529 /* AppDelegate.swift in Sources */,
				86CF2EC3299752AF00F34529 /* SceneDelegate.swift in Sources */,
			);
			runOnlyForDeploymentPostprocessing = 0;
		};
		86CF2ECF299752B100F34529 /* Sources */ = {
			isa = PBXSourcesBuildPhase;
			buildActionMask = 2147483647;
			files = (
				86CF2ED8299752B100F34529 /* OpenMarketUIkitTests.swift in Sources */,
			);
			runOnlyForDeploymentPostprocessing = 0;
		};
		86CF2ED9299752B100F34529 /* Sources */ = {
			isa = PBXSourcesBuildPhase;
			buildActionMask = 2147483647;
			files = (
				86CF2EE2299752B100F34529 /* OpenMarketUIkitUITests.swift in Sources */,
				86CF2EE4299752B100F34529 /* OpenMarketUIkitUITestsLaunchTests.swift in Sources */,
			);
			runOnlyForDeploymentPostprocessing = 0;
		};
/* End PBXSourcesBuildPhase section */

/* Begin PBXTargetDependency section */
		86CF2ED5299752B100F34529 /* PBXTargetDependency */ = {
			isa = PBXTargetDependency;
			target = 86CF2EBC299752AF00F34529 /* OpenMarketUIkit */;
			targetProxy = 86CF2ED4299752B100F34529 /* PBXContainerItemProxy */;
		};
		86CF2EDF299752B100F34529 /* PBXTargetDependency */ = {
			isa = PBXTargetDependency;
			target = 86CF2EBC299752AF00F34529 /* OpenMarketUIkit */;
			targetProxy = 86CF2EDE299752B100F34529 /* PBXContainerItemProxy */;
		};
/* End PBXTargetDependency section */

/* Begin PBXVariantGroup section */
		86CF2ECB299752B100F34529 /* LaunchScreen.storyboard */ = {
			isa = PBXVariantGroup;
			children = (
				86CF2ECC299752B100F34529 /* Base */,
			);
			name = LaunchScreen.storyboard;
			sourceTree = "<group>";
		};
/* End PBXVariantGroup section */

/* Begin XCBuildConfiguration section */
		86CF2EE5299752B100F34529 /* Debug */ = {
			isa = XCBuildConfiguration;
			buildSettings = {
				ALWAYS_SEARCH_USER_PATHS = NO;
				CLANG_ANALYZER_NONNULL = YES;
				CLANG_ANALYZER_NUMBER_OBJECT_CONVERSION = YES_AGGRESSIVE;
				CLANG_CXX_LANGUAGE_STANDARD = "gnu++20";
				CLANG_ENABLE_MODULES = YES;
				CLANG_ENABLE_OBJC_ARC = YES;
				CLANG_ENABLE_OBJC_WEAK = YES;
				CLANG_WARN_BLOCK_CAPTURE_AUTORELEASING = YES;
				CLANG_WARN_BOOL_CONVERSION = YES;
				CLANG_WARN_COMMA = YES;
				CLANG_WARN_CONSTANT_CONVERSION = YES;
				CLANG_WARN_DEPRECATED_OBJC_IMPLEMENTATIONS = YES;
				CLANG_WARN_DIRECT_OBJC_ISA_USAGE = YES_ERROR;
				CLANG_WARN_DOCUMENTATION_COMMENTS = YES;
				CLANG_WARN_EMPTY_BODY = YES;
				CLANG_WARN_ENUM_CONVERSION = YES;
				CLANG_WARN_INFINITE_RECURSION = YES;
				CLANG_WARN_INT_CONVERSION = YES;
				CLANG_WARN_NON_LITERAL_NULL_CONVERSION = YES;
				CLANG_WARN_OBJC_IMPLICIT_RETAIN_SELF = YES;
				CLANG_WARN_OBJC_LITERAL_CONVERSION = YES;
				CLANG_WARN_OBJC_ROOT_CLASS = YES_ERROR;
				CLANG_WARN_QUOTED_INCLUDE_IN_FRAMEWORK_HEADER = YES;
				CLANG_WARN_RANGE_LOOP_ANALYSIS = YES;
				CLANG_WARN_STRICT_PROTOTYPES = YES;
				CLANG_WARN_SUSPICIOUS_MOVE = YES;
				CLANG_WARN_UNGUARDED_AVAILABILITY = YES_AGGRESSIVE;
				CLANG_WARN_UNREACHABLE_CODE = YES;
				CLANG_WARN__DUPLICATE_METHOD_MATCH = YES;
				COPY_PHASE_STRIP = NO;
				DEBUG_INFORMATION_FORMAT = dwarf;
				ENABLE_STRICT_OBJC_MSGSEND = YES;
				ENABLE_TESTABILITY = YES;
				GCC_C_LANGUAGE_STANDARD = gnu11;
				GCC_DYNAMIC_NO_PIC = NO;
				GCC_NO_COMMON_BLOCKS = YES;
				GCC_OPTIMIZATION_LEVEL = 0;
				GCC_PREPROCESSOR_DEFINITIONS = (
					"DEBUG=1",
					"$(inherited)",
				);
				GCC_WARN_64_TO_32_BIT_CONVERSION = YES;
				GCC_WARN_ABOUT_RETURN_TYPE = YES_ERROR;
				GCC_WARN_UNDECLARED_SELECTOR = YES;
				GCC_WARN_UNINITIALIZED_AUTOS = YES_AGGRESSIVE;
				GCC_WARN_UNUSED_FUNCTION = YES;
				GCC_WARN_UNUSED_VARIABLE = YES;
				IPHONEOS_DEPLOYMENT_TARGET = 16.2;
				MTL_ENABLE_DEBUG_INFO = INCLUDE_SOURCE;
				MTL_FAST_MATH = YES;
				ONLY_ACTIVE_ARCH = YES;
				SDKROOT = iphoneos;
				SWIFT_ACTIVE_COMPILATION_CONDITIONS = DEBUG;
				SWIFT_OPTIMIZATION_LEVEL = "-Onone";
			};
			name = Debug;
		};
		86CF2EE6299752B100F34529 /* Release */ = {
			isa = XCBuildConfiguration;
			buildSettings = {
				ALWAYS_SEARCH_USER_PATHS = NO;
				CLANG_ANALYZER_NONNULL = YES;
				CLANG_ANALYZER_NUMBER_OBJECT_CONVERSION = YES_AGGRESSIVE;
				CLANG_CXX_LANGUAGE_STANDARD = "gnu++20";
				CLANG_ENABLE_MODULES = YES;
				CLANG_ENABLE_OBJC_ARC = YES;
				CLANG_ENABLE_OBJC_WEAK = YES;
				CLANG_WARN_BLOCK_CAPTURE_AUTORELEASING = YES;
				CLANG_WARN_BOOL_CONVERSION = YES;
				CLANG_WARN_COMMA = YES;
				CLANG_WARN_CONSTANT_CONVERSION = YES;
				CLANG_WARN_DEPRECATED_OBJC_IMPLEMENTATIONS = YES;
				CLANG_WARN_DIRECT_OBJC_ISA_USAGE = YES_ERROR;
				CLANG_WARN_DOCUMENTATION_COMMENTS = YES;
				CLANG_WARN_EMPTY_BODY = YES;
				CLANG_WARN_ENUM_CONVERSION = YES;
				CLANG_WARN_INFINITE_RECURSION = YES;
				CLANG_WARN_INT_CONVERSION = YES;
				CLANG_WARN_NON_LITERAL_NULL_CONVERSION = YES;
				CLANG_WARN_OBJC_IMPLICIT_RETAIN_SELF = YES;
				CLANG_WARN_OBJC_LITERAL_CONVERSION = YES;
				CLANG_WARN_OBJC_ROOT_CLASS = YES_ERROR;
				CLANG_WARN_QUOTED_INCLUDE_IN_FRAMEWORK_HEADER = YES;
				CLANG_WARN_RANGE_LOOP_ANALYSIS = YES;
				CLANG_WARN_STRICT_PROTOTYPES = YES;
				CLANG_WARN_SUSPICIOUS_MOVE = YES;
				CLANG_WARN_UNGUARDED_AVAILABILITY = YES_AGGRESSIVE;
				CLANG_WARN_UNREACHABLE_CODE = YES;
				CLANG_WARN__DUPLICATE_METHOD_MATCH = YES;
				COPY_PHASE_STRIP = NO;
				DEBUG_INFORMATION_FORMAT = "dwarf-with-dsym";
				ENABLE_NS_ASSERTIONS = NO;
				ENABLE_STRICT_OBJC_MSGSEND = YES;
				GCC_C_LANGUAGE_STANDARD = gnu11;
				GCC_NO_COMMON_BLOCKS = YES;
				GCC_WARN_64_TO_32_BIT_CONVERSION = YES;
				GCC_WARN_ABOUT_RETURN_TYPE = YES_ERROR;
				GCC_WARN_UNDECLARED_SELECTOR = YES;
				GCC_WARN_UNINITIALIZED_AUTOS = YES_AGGRESSIVE;
				GCC_WARN_UNUSED_FUNCTION = YES;
				GCC_WARN_UNUSED_VARIABLE = YES;
				IPHONEOS_DEPLOYMENT_TARGET = 16.2;
				MTL_ENABLE_DEBUG_INFO = NO;
				MTL_FAST_MATH = YES;
				SDKROOT = iphoneos;
				SWIFT_COMPILATION_MODE = wholemodule;
				SWIFT_OPTIMIZATION_LEVEL = "-O";
				VALIDATE_PRODUCT = YES;
			};
			name = Release;
		};
		86CF2EE8299752B100F34529 /* Debug */ = {
			isa = XCBuildConfiguration;
			baseConfigurationReference = 7ECDE4D1DB8181430B0D0A9F /* Pods-OpenMarketUIkit.debug.xcconfig */;
			buildSettings = {
				ASSETCATALOG_COMPILER_APPICON_NAME = AppIcon;
				ASSETCATALOG_COMPILER_GLOBAL_ACCENT_COLOR_NAME = AccentColor;
				CODE_SIGN_STYLE = Automatic;
				CURRENT_PROJECT_VERSION = 1;
				DEVELOPMENT_TEAM = YB5KQCLMY6;
				GENERATE_INFOPLIST_FILE = YES;
				INFOPLIST_FILE = OpenMarketUIkit/Info.plist;
				INFOPLIST_KEY_UIApplicationSupportsIndirectInputEvents = YES;
				INFOPLIST_KEY_UILaunchStoryboardName = LaunchScreen;
				INFOPLIST_KEY_UISupportedInterfaceOrientations_iPad = "UIInterfaceOrientationPortrait UIInterfaceOrientationPortraitUpsideDown UIInterfaceOrientationLandscapeLeft UIInterfaceOrientationLandscapeRight";
				INFOPLIST_KEY_UISupportedInterfaceOrientations_iPhone = "UIInterfaceOrientationPortrait UIInterfaceOrientationLandscapeLeft UIInterfaceOrientationLandscapeRight";
				LD_RUNPATH_SEARCH_PATHS = (
					"$(inherited)",
					"@executable_path/Frameworks",
				);
				MARKETING_VERSION = 1.0;
				PRODUCT_BUNDLE_IDENTIFIER = joohan.OpenMarketUIkit;
				PRODUCT_NAME = "$(TARGET_NAME)";
				SWIFT_EMIT_LOC_STRINGS = YES;
				SWIFT_VERSION = 5.0;
				TARGETED_DEVICE_FAMILY = "1,2";
			};
			name = Debug;
		};
		86CF2EE9299752B100F34529 /* Release */ = {
			isa = XCBuildConfiguration;
			baseConfigurationReference = D1E350ABE54157B1DCCED9B8 /* Pods-OpenMarketUIkit.release.xcconfig */;
			buildSettings = {
				ASSETCATALOG_COMPILER_APPICON_NAME = AppIcon;
				ASSETCATALOG_COMPILER_GLOBAL_ACCENT_COLOR_NAME = AccentColor;
				CODE_SIGN_STYLE = Automatic;
				CURRENT_PROJECT_VERSION = 1;
				DEVELOPMENT_TEAM = YB5KQCLMY6;
				GENERATE_INFOPLIST_FILE = YES;
				INFOPLIST_FILE = OpenMarketUIkit/Info.plist;
				INFOPLIST_KEY_UIApplicationSupportsIndirectInputEvents = YES;
				INFOPLIST_KEY_UILaunchStoryboardName = LaunchScreen;
				INFOPLIST_KEY_UISupportedInterfaceOrientations_iPad = "UIInterfaceOrientationPortrait UIInterfaceOrientationPortraitUpsideDown UIInterfaceOrientationLandscapeLeft UIInterfaceOrientationLandscapeRight";
				INFOPLIST_KEY_UISupportedInterfaceOrientations_iPhone = "UIInterfaceOrientationPortrait UIInterfaceOrientationLandscapeLeft UIInterfaceOrientationLandscapeRight";
				LD_RUNPATH_SEARCH_PATHS = (
					"$(inherited)",
					"@executable_path/Frameworks",
				);
				MARKETING_VERSION = 1.0;
				PRODUCT_BUNDLE_IDENTIFIER = joohan.OpenMarketUIkit;
				PRODUCT_NAME = "$(TARGET_NAME)";
				SWIFT_EMIT_LOC_STRINGS = YES;
				SWIFT_VERSION = 5.0;
				TARGETED_DEVICE_FAMILY = "1,2";
			};
			name = Release;
		};
		86CF2EEB299752B100F34529 /* Debug */ = {
			isa = XCBuildConfiguration;
			baseConfigurationReference = CCF7FF6A08929678BE8DCF4F /* Pods-OpenMarketUIkitTests.debug.xcconfig */;
			buildSettings = {
				ALWAYS_EMBED_SWIFT_STANDARD_LIBRARIES = YES;
				BUNDLE_LOADER = "$(TEST_HOST)";
				CODE_SIGN_STYLE = Automatic;
				CURRENT_PROJECT_VERSION = 1;
				DEVELOPMENT_TEAM = YB5KQCLMY6;
				GENERATE_INFOPLIST_FILE = YES;
				IPHONEOS_DEPLOYMENT_TARGET = 16.2;
				MARKETING_VERSION = 1.0;
				PRODUCT_BUNDLE_IDENTIFIER = joohan.OpenMarketUIkitTests;
				PRODUCT_NAME = "$(TARGET_NAME)";
				SWIFT_EMIT_LOC_STRINGS = NO;
				SWIFT_VERSION = 5.0;
				TARGETED_DEVICE_FAMILY = "1,2";
				TEST_HOST = "$(BUILT_PRODUCTS_DIR)/OpenMarketUIkit.app/$(BUNDLE_EXECUTABLE_FOLDER_PATH)/OpenMarketUIkit";
			};
			name = Debug;
		};
		86CF2EEC299752B100F34529 /* Release */ = {
			isa = XCBuildConfiguration;
			baseConfigurationReference = AF2D1A01E8EEA50ECF6FCDCF /* Pods-OpenMarketUIkitTests.release.xcconfig */;
			buildSettings = {
				ALWAYS_EMBED_SWIFT_STANDARD_LIBRARIES = YES;
				BUNDLE_LOADER = "$(TEST_HOST)";
				CODE_SIGN_STYLE = Automatic;
				CURRENT_PROJECT_VERSION = 1;
				DEVELOPMENT_TEAM = YB5KQCLMY6;
				GENERATE_INFOPLIST_FILE = YES;
				IPHONEOS_DEPLOYMENT_TARGET = 16.2;
				MARKETING_VERSION = 1.0;
				PRODUCT_BUNDLE_IDENTIFIER = joohan.OpenMarketUIkitTests;
				PRODUCT_NAME = "$(TARGET_NAME)";
				SWIFT_EMIT_LOC_STRINGS = NO;
				SWIFT_VERSION = 5.0;
				TARGETED_DEVICE_FAMILY = "1,2";
				TEST_HOST = "$(BUILT_PRODUCTS_DIR)/OpenMarketUIkit.app/$(BUNDLE_EXECUTABLE_FOLDER_PATH)/OpenMarketUIkit";
			};
			name = Release;
		};
		86CF2EEE299752B100F34529 /* Debug */ = {
			isa = XCBuildConfiguration;
			baseConfigurationReference = BDBA9B004B311FCC4D684349 /* Pods-OpenMarketUIkit-OpenMarketUIkitUITests.debug.xcconfig */;
			buildSettings = {
				ALWAYS_EMBED_SWIFT_STANDARD_LIBRARIES = YES;
				CODE_SIGN_STYLE = Automatic;
				CURRENT_PROJECT_VERSION = 1;
				DEVELOPMENT_TEAM = YB5KQCLMY6;
				GENERATE_INFOPLIST_FILE = YES;
				MARKETING_VERSION = 1.0;
				PRODUCT_BUNDLE_IDENTIFIER = joohan.OpenMarketUIkitUITests;
				PRODUCT_NAME = "$(TARGET_NAME)";
				SWIFT_EMIT_LOC_STRINGS = NO;
				SWIFT_VERSION = 5.0;
				TARGETED_DEVICE_FAMILY = "1,2";
				TEST_TARGET_NAME = OpenMarketUIkit;
			};
			name = Debug;
		};
		86CF2EEF299752B100F34529 /* Release */ = {
			isa = XCBuildConfiguration;
			baseConfigurationReference = D33732FABC2E9D9F7A71152A /* Pods-OpenMarketUIkit-OpenMarketUIkitUITests.release.xcconfig */;
			buildSettings = {
				ALWAYS_EMBED_SWIFT_STANDARD_LIBRARIES = YES;
				CODE_SIGN_STYLE = Automatic;
				CURRENT_PROJECT_VERSION = 1;
				DEVELOPMENT_TEAM = YB5KQCLMY6;
				GENERATE_INFOPLIST_FILE = YES;
				MARKETING_VERSION = 1.0;
				PRODUCT_BUNDLE_IDENTIFIER = joohan.OpenMarketUIkitUITests;
				PRODUCT_NAME = "$(TARGET_NAME)";
				SWIFT_EMIT_LOC_STRINGS = NO;
				SWIFT_VERSION = 5.0;
				TARGETED_DEVICE_FAMILY = "1,2";
				TEST_TARGET_NAME = OpenMarketUIkit;
			};
			name = Release;
		};
/* End XCBuildConfiguration section */

/* Begin XCConfigurationList section */
		86CF2EB8299752AF00F34529 /* Build configuration list for PBXProject "OpenMarketUIkit" */ = {
			isa = XCConfigurationList;
			buildConfigurations = (
				86CF2EE5299752B100F34529 /* Debug */,
				86CF2EE6299752B100F34529 /* Release */,
			);
			defaultConfigurationIsVisible = 0;
			defaultConfigurationName = Release;
		};
		86CF2EE7299752B100F34529 /* Build configuration list for PBXNativeTarget "OpenMarketUIkit" */ = {
			isa = XCConfigurationList;
			buildConfigurations = (
				86CF2EE8299752B100F34529 /* Debug */,
				86CF2EE9299752B100F34529 /* Release */,
			);
			defaultConfigurationIsVisible = 0;
			defaultConfigurationName = Release;
		};
		86CF2EEA299752B100F34529 /* Build configuration list for PBXNativeTarget "OpenMarketUIkitTests" */ = {
			isa = XCConfigurationList;
			buildConfigurations = (
				86CF2EEB299752B100F34529 /* Debug */,
				86CF2EEC299752B100F34529 /* Release */,
			);
			defaultConfigurationIsVisible = 0;
			defaultConfigurationName = Release;
		};
		86CF2EED299752B100F34529 /* Build configuration list for PBXNativeTarget "OpenMarketUIkitUITests" */ = {
			isa = XCConfigurationList;
			buildConfigurations = (
				86CF2EEE299752B100F34529 /* Debug */,
				86CF2EEF299752B100F34529 /* Release */,
			);
			defaultConfigurationIsVisible = 0;
			defaultConfigurationName = Release;
		};
/* End XCConfigurationList section */
	};
	rootObject = 86CF2EB5299752AF00F34529 /* Project object */;
}
